// !$*UTF8*$!
{
	archiveVersion = 1;
	classes = {
	};
	objectVersion = 46;
	objects = {

/* Begin PBXBuildFile section */
		7320C58A17A3ADCA002CCE41 /* UIKit.framework in Frameworks */ = {isa = PBXBuildFile; fileRef = 7320C58917A3ADCA002CCE41 /* UIKit.framework */; };
		7320C58C17A3ADCA002CCE41 /* Foundation.framework in Frameworks */ = {isa = PBXBuildFile; fileRef = 7320C58B17A3ADCA002CCE41 /* Foundation.framework */; };
		7320C58E17A3ADCA002CCE41 /* CoreGraphics.framework in Frameworks */ = {isa = PBXBuildFile; fileRef = 7320C58D17A3ADCA002CCE41 /* CoreGraphics.framework */; };
		7320C59417A3ADCA002CCE41 /* InfoPlist.strings in Resources */ = {isa = PBXBuildFile; fileRef = 7320C59217A3ADCA002CCE41 /* InfoPlist.strings */; };
		7320C59617A3ADCA002CCE41 /* main.m in Sources */ = {isa = PBXBuildFile; fileRef = 7320C59517A3ADCA002CCE41 /* main.m */; };
		7320C59A17A3ADCB002CCE41 /* AppDelegate.m in Sources */ = {isa = PBXBuildFile; fileRef = 7320C59917A3ADCB002CCE41 /* AppDelegate.m */; };
		7320C59C17A3ADCB002CCE41 /* Default.png in Resources */ = {isa = PBXBuildFile; fileRef = 7320C59B17A3ADCB002CCE41 /* Default.png */; };
		7320C59E17A3ADCB002CCE41 /* Default@2x.png in Resources */ = {isa = PBXBuildFile; fileRef = 7320C59D17A3ADCB002CCE41 /* Default@2x.png */; };
		7320C5A017A3ADCB002CCE41 /* Default-568h@2x.png in Resources */ = {isa = PBXBuildFile; fileRef = 7320C59F17A3ADCB002CCE41 /* Default-568h@2x.png */; };
		7320C5A317A3ADCB002CCE41 /* ViewController.m in Sources */ = {isa = PBXBuildFile; fileRef = 7320C5A217A3ADCB002CCE41 /* ViewController.m */; };
		7320C5A617A3ADCB002CCE41 /* ViewController.xib in Resources */ = {isa = PBXBuildFile; fileRef = 7320C5A417A3ADCB002CCE41 /* ViewController.xib */; };
		7320C5AE17A3ADCB002CCE41 /* SenTestingKit.framework in Frameworks */ = {isa = PBXBuildFile; fileRef = 7320C5AD17A3ADCB002CCE41 /* SenTestingKit.framework */; };
		7320C5AF17A3ADCB002CCE41 /* UIKit.framework in Frameworks */ = {isa = PBXBuildFile; fileRef = 7320C58917A3ADCA002CCE41 /* UIKit.framework */; };
		7320C5B017A3ADCB002CCE41 /* Foundation.framework in Frameworks */ = {isa = PBXBuildFile; fileRef = 7320C58B17A3ADCA002CCE41 /* Foundation.framework */; };
		7320C5B817A3ADCB002CCE41 /* InfoPlist.strings in Resources */ = {isa = PBXBuildFile; fileRef = 7320C5B617A3ADCB002CCE41 /* InfoPlist.strings */; };
		7320C5BB17A3ADCB002CCE41 /* TDDMoneysTests.m in Sources */ = {isa = PBXBuildFile; fileRef = 7320C5BA17A3ADCB002CCE41 /* TDDMoneysTests.m */; };
		7320C5C617A3AE55002CCE41 /* DollarTest.m in Sources */ = {isa = PBXBuildFile; fileRef = 7320C5C517A3AE55002CCE41 /* DollarTest.m */; };
		7320C5C917A3AFB7002CCE41 /* Dollar.m in Sources */ = {isa = PBXBuildFile; fileRef = 7320C5C817A3AFB7002CCE41 /* Dollar.m */; };
/* End PBXBuildFile section */

/* Begin PBXContainerItemProxy section */
		7320C5B117A3ADCB002CCE41 /* PBXContainerItemProxy */ = {
			isa = PBXContainerItemProxy;
			containerPortal = 7320C57E17A3ADCA002CCE41 /* Project object */;
			proxyType = 1;
			remoteGlobalIDString = 7320C58517A3ADCA002CCE41;
			remoteInfo = TDDMoneys;
		};
/* End PBXContainerItemProxy section */

/* Begin PBXFileReference section */
		7320C58617A3ADCA002CCE41 /* TDDMoneys.app */ = {isa = PBXFileReference; explicitFileType = wrapper.application; includeInIndex = 0; path = TDDMoneys.app; sourceTree = BUILT_PRODUCTS_DIR; };
		7320C58917A3ADCA002CCE41 /* UIKit.framework */ = {isa = PBXFileReference; lastKnownFileType = wrapper.framework; name = UIKit.framework; path = System/Library/Frameworks/UIKit.framework; sourceTree = SDKROOT; };
		7320C58B17A3ADCA002CCE41 /* Foundation.framework */ = {isa = PBXFileReference; lastKnownFileType = wrapper.framework; name = Foundation.framework; path = System/Library/Frameworks/Foundation.framework; sourceTree = SDKROOT; };
		7320C58D17A3ADCA002CCE41 /* CoreGraphics.framework */ = {isa = PBXFileReference; lastKnownFileType = wrapper.framework; name = CoreGraphics.framework; path = System/Library/Frameworks/CoreGraphics.framework; sourceTree = SDKROOT; };
		7320C59117A3ADCA002CCE41 /* TDDMoneys-Info.plist */ = {isa = PBXFileReference; lastKnownFileType = text.plist.xml; path = "TDDMoneys-Info.plist"; sourceTree = "<group>"; };
		7320C59317A3ADCA002CCE41 /* en */ = {isa = PBXFileReference; lastKnownFileType = text.plist.strings; name = en; path = en.lproj/InfoPlist.strings; sourceTree = "<group>"; };
		7320C59517A3ADCA002CCE41 /* main.m */ = {isa = PBXFileReference; lastKnownFileType = sourcecode.c.objc; path = main.m; sourceTree = "<group>"; };
		7320C59717A3ADCA002CCE41 /* TDDMoneys-Prefix.pch */ = {isa = PBXFileReference; lastKnownFileType = sourcecode.c.h; path = "TDDMoneys-Prefix.pch"; sourceTree = "<group>"; };
		7320C59817A3ADCB002CCE41 /* AppDelegate.h */ = {isa = PBXFileReference; lastKnownFileType = sourcecode.c.h; path = AppDelegate.h; sourceTree = "<group>"; };
		7320C59917A3ADCB002CCE41 /* AppDelegate.m */ = {isa = PBXFileReference; lastKnownFileType = sourcecode.c.objc; path = AppDelegate.m; sourceTree = "<group>"; };
		7320C59B17A3ADCB002CCE41 /* Default.png */ = {isa = PBXFileReference; lastKnownFileType = image.png; path = Default.png; sourceTree = "<group>"; };
		7320C59D17A3ADCB002CCE41 /* Default@2x.png */ = {isa = PBXFileReference; lastKnownFileType = image.png; path = "Default@2x.png"; sourceTree = "<group>"; };
		7320C59F17A3ADCB002CCE41 /* Default-568h@2x.png */ = {isa = PBXFileReference; lastKnownFileType = image.png; path = "Default-568h@2x.png"; sourceTree = "<group>"; };
		7320C5A117A3ADCB002CCE41 /* ViewController.h */ = {isa = PBXFileReference; lastKnownFileType = sourcecode.c.h; path = ViewController.h; sourceTree = "<group>"; };
		7320C5A217A3ADCB002CCE41 /* ViewController.m */ = {isa = PBXFileReference; lastKnownFileType = sourcecode.c.objc; path = ViewController.m; sourceTree = "<group>"; };
		7320C5A517A3ADCB002CCE41 /* en */ = {isa = PBXFileReference; lastKnownFileType = file.xib; name = en; path = en.lproj/ViewController.xib; sourceTree = "<group>"; };
		7320C5AC17A3ADCB002CCE41 /* TDDMoneysTests.octest */ = {isa = PBXFileReference; explicitFileType = wrapper.cfbundle; includeInIndex = 0; path = TDDMoneysTests.octest; sourceTree = BUILT_PRODUCTS_DIR; };
		7320C5AD17A3ADCB002CCE41 /* SenTestingKit.framework */ = {isa = PBXFileReference; lastKnownFileType = wrapper.framework; name = SenTestingKit.framework; path = Library/Frameworks/SenTestingKit.framework; sourceTree = DEVELOPER_DIR; };
		7320C5B517A3ADCB002CCE41 /* TDDMoneysTests-Info.plist */ = {isa = PBXFileReference; lastKnownFileType = text.plist.xml; path = "TDDMoneysTests-Info.plist"; sourceTree = "<group>"; };
		7320C5B717A3ADCB002CCE41 /* en */ = {isa = PBXFileReference; lastKnownFileType = text.plist.strings; name = en; path = en.lproj/InfoPlist.strings; sourceTree = "<group>"; };
		7320C5B917A3ADCB002CCE41 /* TDDMoneysTests.h */ = {isa = PBXFileReference; lastKnownFileType = sourcecode.c.h; path = TDDMoneysTests.h; sourceTree = "<group>"; };
		7320C5BA17A3ADCB002CCE41 /* TDDMoneysTests.m */ = {isa = PBXFileReference; lastKnownFileType = sourcecode.c.objc; path = TDDMoneysTests.m; sourceTree = "<group>"; };
		7320C5C417A3AE55002CCE41 /* DollarTest.h */ = {isa = PBXFileReference; fileEncoding = 4; lastKnownFileType = sourcecode.c.h; path = DollarTest.h; sourceTree = "<group>"; };
		7320C5C517A3AE55002CCE41 /* DollarTest.m */ = {isa = PBXFileReference; fileEncoding = 4; lastKnownFileType = sourcecode.c.objc; path = DollarTest.m; sourceTree = "<group>"; };
		7320C5C717A3AFB7002CCE41 /* Dollar.h */ = {isa = PBXFileReference; fileEncoding = 4; lastKnownFileType = sourcecode.c.h; path = Dollar.h; sourceTree = "<group>"; };
		7320C5C817A3AFB7002CCE41 /* Dollar.m */ = {isa = PBXFileReference; fileEncoding = 4; lastKnownFileType = sourcecode.c.objc; path = Dollar.m; sourceTree = "<group>"; };
/* End PBXFileReference section */

/* Begin PBXFrameworksBuildPhase section */
		7320C58317A3ADCA002CCE41 /* Frameworks */ = {
			isa = PBXFrameworksBuildPhase;
			buildActionMask = 2147483647;
			files = (
				7320C58A17A3ADCA002CCE41 /* UIKit.framework in Frameworks */,
				7320C58C17A3ADCA002CCE41 /* Foundation.framework in Frameworks */,
				7320C58E17A3ADCA002CCE41 /* CoreGraphics.framework in Frameworks */,
			);
			runOnlyForDeploymentPostprocessing = 0;
		};
		7320C5A817A3ADCB002CCE41 /* Frameworks */ = {
			isa = PBXFrameworksBuildPhase;
			buildActionMask = 2147483647;
			files = (
				7320C5AE17A3ADCB002CCE41 /* SenTestingKit.framework in Frameworks */,
				7320C5AF17A3ADCB002CCE41 /* UIKit.framework in Frameworks */,
				7320C5B017A3ADCB002CCE41 /* Foundation.framework in Frameworks */,
			);
			runOnlyForDeploymentPostprocessing = 0;
		};
/* End PBXFrameworksBuildPhase section */

/* Begin PBXGroup section */
		7320C57D17A3ADCA002CCE41 = {
			isa = PBXGroup;
			children = (
				7320C58F17A3ADCA002CCE41 /* TDDMoneys */,
				7320C5B317A3ADCB002CCE41 /* TDDMoneysTests */,
				7320C58817A3ADCA002CCE41 /* Frameworks */,
				7320C58717A3ADCA002CCE41 /* Products */,
			);
			sourceTree = "<group>";
		};
		7320C58717A3ADCA002CCE41 /* Products */ = {
			isa = PBXGroup;
			children = (
				7320C58617A3ADCA002CCE41 /* TDDMoneys.app */,
				7320C5AC17A3ADCB002CCE41 /* TDDMoneysTests.octest */,
			);
			name = Products;
			sourceTree = "<group>";
		};
		7320C58817A3ADCA002CCE41 /* Frameworks */ = {
			isa = PBXGroup;
			children = (
				7320C58917A3ADCA002CCE41 /* UIKit.framework */,
				7320C58B17A3ADCA002CCE41 /* Foundation.framework */,
				7320C58D17A3ADCA002CCE41 /* CoreGraphics.framework */,
				7320C5AD17A3ADCB002CCE41 /* SenTestingKit.framework */,
			);
			name = Frameworks;
			sourceTree = "<group>";
		};
		7320C58F17A3ADCA002CCE41 /* TDDMoneys */ = {
			isa = PBXGroup;
			children = (
				7320C5C717A3AFB7002CCE41 /* Dollar.h */,
				7320C5C817A3AFB7002CCE41 /* Dollar.m */,
				7320C59817A3ADCB002CCE41 /* AppDelegate.h */,
				7320C59917A3ADCB002CCE41 /* AppDelegate.m */,
				7320C5A117A3ADCB002CCE41 /* ViewController.h */,
				7320C5A217A3ADCB002CCE41 /* ViewController.m */,
				7320C5A417A3ADCB002CCE41 /* ViewController.xib */,
				7320C59017A3ADCA002CCE41 /* Supporting Files */,
			);
			path = TDDMoneys;
			sourceTree = "<group>";
		};
		7320C59017A3ADCA002CCE41 /* Supporting Files */ = {
			isa = PBXGroup;
			children = (
				7320C59117A3ADCA002CCE41 /* TDDMoneys-Info.plist */,
				7320C59217A3ADCA002CCE41 /* InfoPlist.strings */,
				7320C59517A3ADCA002CCE41 /* main.m */,
				7320C59717A3ADCA002CCE41 /* TDDMoneys-Prefix.pch */,
				7320C59B17A3ADCB002CCE41 /* Default.png */,
				7320C59D17A3ADCB002CCE41 /* Default@2x.png */,
				7320C59F17A3ADCB002CCE41 /* Default-568h@2x.png */,
			);
			name = "Supporting Files";
			sourceTree = "<group>";
		};
		7320C5B317A3ADCB002CCE41 /* TDDMoneysTests */ = {
			isa = PBXGroup;
			children = (
				7320C5B917A3ADCB002CCE41 /* TDDMoneysTests.h */,
				7320C5BA17A3ADCB002CCE41 /* TDDMoneysTests.m */,
				7320C5C417A3AE55002CCE41 /* DollarTest.h */,
				7320C5C517A3AE55002CCE41 /* DollarTest.m */,
				7320C5B417A3ADCB002CCE41 /* Supporting Files */,
			);
			path = TDDMoneysTests;
			sourceTree = "<group>";
		};
		7320C5B417A3ADCB002CCE41 /* Supporting Files */ = {
			isa = PBXGroup;
			children = (
				7320C5B517A3ADCB002CCE41 /* TDDMoneysTests-Info.plist */,
				7320C5B617A3ADCB002CCE41 /* InfoPlist.strings */,
			);
			name = "Supporting Files";
			sourceTree = "<group>";
		};
/* End PBXGroup section */

/* Begin PBXNativeTarget section */
		7320C58517A3ADCA002CCE41 /* TDDMoneys */ = {
			isa = PBXNativeTarget;
			buildConfigurationList = 7320C5BE17A3ADCB002CCE41 /* Build configuration list for PBXNativeTarget "TDDMoneys" */;
			buildPhases = (
				7320C58217A3ADCA002CCE41 /* Sources */,
				7320C58317A3ADCA002CCE41 /* Frameworks */,
				7320C58417A3ADCA002CCE41 /* Resources */,
			);
			buildRules = (
			);
			dependencies = (
			);
			name = TDDMoneys;
			productName = TDDMoneys;
			productReference = 7320C58617A3ADCA002CCE41 /* TDDMoneys.app */;
			productType = "com.apple.product-type.application";
		};
		7320C5AB17A3ADCB002CCE41 /* TDDMoneysTests */ = {
			isa = PBXNativeTarget;
			buildConfigurationList = 7320C5C117A3ADCB002CCE41 /* Build configuration list for PBXNativeTarget "TDDMoneysTests" */;
			buildPhases = (
				7320C5A717A3ADCB002CCE41 /* Sources */,
				7320C5A817A3ADCB002CCE41 /* Frameworks */,
				7320C5A917A3ADCB002CCE41 /* Resources */,
				7320C5AA17A3ADCB002CCE41 /* ShellScript */,
			);
			buildRules = (
			);
			dependencies = (
				7320C5B217A3ADCB002CCE41 /* PBXTargetDependency */,
			);
			name = TDDMoneysTests;
			productName = TDDMoneysTests;
			productReference = 7320C5AC17A3ADCB002CCE41 /* TDDMoneysTests.octest */;
			productType = "com.apple.product-type.bundle";
		};
/* End PBXNativeTarget section */

/* Begin PBXProject section */
		7320C57E17A3ADCA002CCE41 /* Project object */ = {
			isa = PBXProject;
			attributes = {
				LastUpgradeCheck = 0460;
				ORGANIZATIONNAME = "原田 勝信";
			};
			buildConfigurationList = 7320C58117A3ADCA002CCE41 /* Build configuration list for PBXProject "TDDMoneys" */;
			compatibilityVersion = "Xcode 3.2";
			developmentRegion = English;
			hasScannedForEncodings = 0;
			knownRegions = (
				en,
			);
			mainGroup = 7320C57D17A3ADCA002CCE41;
			productRefGroup = 7320C58717A3ADCA002CCE41 /* Products */;
			projectDirPath = "";
			projectRoot = "";
			targets = (
				7320C58517A3ADCA002CCE41 /* TDDMoneys */,
				7320C5AB17A3ADCB002CCE41 /* TDDMoneysTests */,
			);
		};
/* End PBXProject section */

/* Begin PBXResourcesBuildPhase section */
		7320C58417A3ADCA002CCE41 /* Resources */ = {
			isa = PBXResourcesBuildPhase;
			buildActionMask = 2147483647;
			files = (
				7320C59417A3ADCA002CCE41 /* InfoPlist.strings in Resources */,
				7320C59C17A3ADCB002CCE41 /* Default.png in Resources */,
				7320C59E17A3ADCB002CCE41 /* Default@2x.png in Resources */,
				7320C5A017A3ADCB002CCE41 /* Default-568h@2x.png in Resources */,
				7320C5A617A3ADCB002CCE41 /* ViewController.xib in Resources */,
			);
			runOnlyForDeploymentPostprocessing = 0;
		};
		7320C5A917A3ADCB002CCE41 /* Resources */ = {
			isa = PBXResourcesBuildPhase;
			buildActionMask = 2147483647;
			files = (
				7320C5B817A3ADCB002CCE41 /* InfoPlist.strings in Resources */,
			);
			runOnlyForDeploymentPostprocessing = 0;
		};
/* End PBXResourcesBuildPhase section */

/* Begin PBXShellScriptBuildPhase section */
		7320C5AA17A3ADCB002CCE41 /* ShellScript */ = {
			isa = PBXShellScriptBuildPhase;
			buildActionMask = 2147483647;
			files = (
			);
			inputPaths = (
			);
			outputPaths = (
			);
			runOnlyForDeploymentPostprocessing = 0;
			shellPath = /bin/sh;
			shellScript = "# Run the unit tests in this test bundle.\n\"${SYSTEM_DEVELOPER_DIR}/Tools/RunUnitTests\"\n";
		};
/* End PBXShellScriptBuildPhase section */

/* Begin PBXSourcesBuildPhase section */
		7320C58217A3ADCA002CCE41 /* Sources */ = {
			isa = PBXSourcesBuildPhase;
			buildActionMask = 2147483647;
			files = (
				7320C59617A3ADCA002CCE41 /* main.m in Sources */,
				7320C59A17A3ADCB002CCE41 /* AppDelegate.m in Sources */,
				7320C5A317A3ADCB002CCE41 /* ViewController.m in Sources */,
				7320C5C917A3AFB7002CCE41 /* Dollar.m in Sources */,
			);
			runOnlyForDeploymentPostprocessing = 0;
		};
		7320C5A717A3ADCB002CCE41 /* Sources */ = {
			isa = PBXSourcesBuildPhase;
			buildActionMask = 2147483647;
			files = (
				7320C5BB17A3ADCB002CCE41 /* TDDMoneysTests.m in Sources */,
				7320C5C617A3AE55002CCE41 /* DollarTest.m in Sources */,
			);
			runOnlyForDeploymentPostprocessing = 0;
		};
/* End PBXSourcesBuildPhase section */

/* Begin PBXTargetDependency section */
		7320C5B217A3ADCB002CCE41 /* PBXTargetDependency */ = {
			isa = PBXTargetDependency;
			target = 7320C58517A3ADCA002CCE41 /* TDDMoneys */;
			targetProxy = 7320C5B117A3ADCB002CCE41 /* PBXContainerItemProxy */;
		};
/* End PBXTargetDependency section */

/* Begin PBXVariantGroup section */
		7320C59217A3ADCA002CCE41 /* InfoPlist.strings */ = {
			isa = PBXVariantGroup;
			children = (
				7320C59317A3ADCA002CCE41 /* en */,
			);
			name = InfoPlist.strings;
			sourceTree = "<group>";
		};
		7320C5A417A3ADCB002CCE41 /* ViewController.xib */ = {
			isa = PBXVariantGroup;
			children = (
				7320C5A517A3ADCB002CCE41 /* en */,
			);
			name = ViewController.xib;
			sourceTree = "<group>";
		};
		7320C5B617A3ADCB002CCE41 /* InfoPlist.strings */ = {
			isa = PBXVariantGroup;
			children = (
				7320C5B717A3ADCB002CCE41 /* en */,
			);
			name = InfoPlist.strings;
			sourceTree = "<group>";
		};
/* End PBXVariantGroup section */

/* Begin XCBuildConfiguration section */
		7320C5BC17A3ADCB002CCE41 /* Debug */ = {
			isa = XCBuildConfiguration;
			buildSettings = {
				ALWAYS_SEARCH_USER_PATHS = NO;
				CLANG_CXX_LANGUAGE_STANDARD = "gnu++0x";
				CLANG_CXX_LIBRARY = "libc++";
				CLANG_ENABLE_OBJC_ARC = YES;
				CLANG_WARN_CONSTANT_CONVERSION = YES;
				CLANG_WARN_EMPTY_BODY = YES;
				CLANG_WARN_ENUM_CONVERSION = YES;
				CLANG_WARN_INT_CONVERSION = YES;
				CLANG_WARN__DUPLICATE_METHOD_MATCH = YES;
				"CODE_SIGN_IDENTITY[sdk=iphoneos*]" = "iPhone Developer";
				COPY_PHASE_STRIP = NO;
				GCC_C_LANGUAGE_STANDARD = gnu99;
				GCC_DYNAMIC_NO_PIC = NO;
				GCC_OPTIMIZATION_LEVEL = 0;
				GCC_PREPROCESSOR_DEFINITIONS = (
					"DEBUG=1",
					"$(inherited)",
				);
				GCC_SYMBOLS_PRIVATE_EXTERN = NO;
				GCC_WARN_ABOUT_RETURN_TYPE = YES;
				GCC_WARN_UNINITIALIZED_AUTOS = YES;
				GCC_WARN_UNUSED_VARIABLE = YES;
				IPHONEOS_DEPLOYMENT_TARGET = 6.1;
				ONLY_ACTIVE_ARCH = YES;
				SDKROOT = iphoneos;
			};
			name = Debug;
		};
		7320C5BD17A3ADCB002CCE41 /* Release */ = {
			isa = XCBuildConfiguration;
			buildSettings = {
				ALWAYS_SEARCH_USER_PATHS = NO;
				CLANG_CXX_LANGUAGE_STANDARD = "gnu++0x";
				CLANG_CXX_LIBRARY = "libc++";
				CLANG_ENABLE_OBJC_ARC = YES;
				CLANG_WARN_CONSTANT_CONVERSION = YES;
				CLANG_WARN_EMPTY_BODY = YES;
				CLANG_WARN_ENUM_CONVERSION = YES;
				CLANG_WARN_INT_CONVERSION = YES;
				CLANG_WARN__DUPLICATE_METHOD_MATCH = YES;
				"CODE_SIGN_IDENTITY[sdk=iphoneos*]" = "iPhone Developer";
				COPY_PHASE_STRIP = YES;
				GCC_C_LANGUAGE_STANDARD = gnu99;
				GCC_WARN_ABOUT_RETURN_TYPE = YES;
				GCC_WARN_UNINITIALIZED_AUTOS = YES;
				GCC_WARN_UNUSED_VARIABLE = YES;
				IPHONEOS_DEPLOYMENT_TARGET = 6.1;
				OTHER_CFLAGS = "-DNS_BLOCK_ASSERTIONS=1";
				SDKROOT = iphoneos;
				VALIDATE_PRODUCT = YES;
			};
			name = Release;
		};
		7320C5BF17A3ADCB002CCE41 /* Debug */ = {
			isa = XCBuildConfiguration;
			buildSettings = {
				GCC_PRECOMPILE_PREFIX_HEADER = YES;
				GCC_PREFIX_HEADER = "TDDMoneys/TDDMoneys-Prefix.pch";
				INFOPLIST_FILE = "TDDMoneys/TDDMoneys-Info.plist";
				PRODUCT_NAME = "$(TARGET_NAME)";
				WRAPPER_EXTENSION = app;
			};
			name = Debug;
		};
		7320C5C017A3ADCB002CCE41 /* Release */ = {
			isa = XCBuildConfiguration;
			buildSettings = {
				GCC_PRECOMPILE_PREFIX_HEADER = YES;
				GCC_PREFIX_HEADER = "TDDMoneys/TDDMoneys-Prefix.pch";
				INFOPLIST_FILE = "TDDMoneys/TDDMoneys-Info.plist";
				PRODUCT_NAME = "$(TARGET_NAME)";
				WRAPPER_EXTENSION = app;
			};
			name = Release;
		};
		7320C5C217A3ADCB002CCE41 /* Debug */ = {
			isa = XCBuildConfiguration;
			buildSettings = {
				BUNDLE_LOADER = "$(BUILT_PRODUCTS_DIR)/TDDMoneys.app/TDDMoneys";
				FRAMEWORK_SEARCH_PATHS = (
					"\"$(SDKROOT)/Developer/Library/Frameworks\"",
					"\"$(DEVELOPER_LIBRARY_DIR)/Frameworks\"",
				);
				GCC_PRECOMPILE_PREFIX_HEADER = YES;
				GCC_PREFIX_HEADER = "TDDMoneys/TDDMoneys-Prefix.pch";
				INFOPLIST_FILE = "TDDMoneysTests/TDDMoneysTests-Info.plist";
				PRODUCT_NAME = "$(TARGET_NAME)";
				TEST_HOST = "$(BUNDLE_LOADER)";
				WRAPPER_EXTENSION = octest;
			};
			name = Debug;
		};
		7320C5C317A3ADCB002CCE41 /* Release */ = {
			isa = XCBuildConfiguration;
			buildSettings = {
				BUNDLE_LOADER = "$(BUILT_PRODUCTS_DIR)/TDDMoneys.app/TDDMoneys";
				FRAMEWORK_SEARCH_PATHS = (
					"\"$(SDKROOT)/Developer/Library/Frameworks\"",
					"\"$(DEVELOPER_LIBRARY_DIR)/Frameworks\"",
				);
				GCC_PRECOMPILE_PREFIX_HEADER = YES;
				GCC_PREFIX_HEADER = "TDDMoneys/TDDMoneys-Prefix.pch";
				INFOPLIST_FILE = "TDDMoneysTests/TDDMoneysTests-Info.plist";
				PRODUCT_NAME = "$(TARGET_NAME)";
				TEST_HOST = "$(BUNDLE_LOADER)";
				WRAPPER_EXTENSION = octest;
			};
			name = Release;
		};
/* End XCBuildConfiguration section */

/* Begin XCConfigurationList section */
		7320C58117A3ADCA002CCE41 /* Build configuration list for PBXProject "TDDMoneys" */ = {
			isa = XCConfigurationList;
			buildConfigurations = (
				7320C5BC17A3ADCB002CCE41 /* Debug */,
				7320C5BD17A3ADCB002CCE41 /* Release */,
			);
			defaultConfigurationIsVisible = 0;
			defaultConfigurationName = Release;
		};
		7320C5BE17A3ADCB002CCE41 /* Build configuration list for PBXNativeTarget "TDDMoneys" */ = {
			isa = XCConfigurationList;
			buildConfigurations = (
				7320C5BF17A3ADCB002CCE41 /* Debug */,
				7320C5C017A3ADCB002CCE41 /* Release */,
			);
			defaultConfigurationIsVisible = 0;
		};
		7320C5C117A3ADCB002CCE41 /* Build configuration list for PBXNativeTarget "TDDMoneysTests" */ = {
			isa = XCConfigurationList;
			buildConfigurations = (
				7320C5C217A3ADCB002CCE41 /* Debug */,
				7320C5C317A3ADCB002CCE41 /* Release */,
			);
			defaultConfigurationIsVisible = 0;
		};
/* End XCConfigurationList section */
	};
	rootObject = 7320C57E17A3ADCA002CCE41 /* Project object */;
}
